
Microsoft Visual Studio Solution File, Format Version 12.00
# Visual Studio 15
VisualStudioVersion = 15.0.27130.2027
MinimumVisualStudioVersion = 10.0.40219.1
Project("{FAE04EC0-301F-11D3-BF4B-00C04F79EFBC}") = "ProcessMSWebOrders", "ProcessMSWebOrders.csproj", "{96438030-069B-43CF-B997-11C286CBF6FF}"
EndProject
Global
	GlobalSection(SolutionConfigurationPlatforms) = preSolution
		Debug|Any CPU = Debug|Any CPU
		Release|Any CPU = Release|Any CPU
	EndGlobalSection
	GlobalSection(ProjectConfigurationPlatforms) = postSolution
		{96438030-069B-43CF-B997-11C286CBF6FF}.Debug|Any CPU.ActiveCfg = Debug|Any CPU
		{96438030-069B-43CF-B997-11C286CBF6FF}.Debug|Any CPU.Build.0 = Debug|Any CPU
		{96438030-069B-43CF-B997-11C286CBF6FF}.Release|Any CPU.ActiveCfg = Release|Any CPU
		{96438030-069B-43CF-B997-11C286CBF6FF}.Release|Any CPU.Build.0 = Release|Any CPU
	EndGlobalSection
	GlobalSection(SolutionProperties) = preSolution
		HideSolutionNode = FALSE
	EndGlobalSection
	GlobalSection(ExtensibilityGlobals) = postSolution
		SolutionGuid = {B8D29486-B1D1-4A1C-9C83-29F9DF7207EF}
	EndGlobalSection
EndGlobal
